
Microsoft Visual Studio Solution File, Format Version 12.00
# Visual Studio Version 17
VisualStudioVersion = 17.7.34221.43
MinimumVisualStudioVersion = 10.0.40219.1
Project("{FAE04EC0-301F-11D3-BF4B-00C04F79EFBC}") = "kalıtım", "kalıtım\kalıtım.csproj", "{FB027619-56B7-45BB-B62F-BCD1CBCB698C}"
EndProject
Global
	GlobalSection(SolutionConfigurationPlatforms) = preSolution
		Debug|Any CPU = Debug|Any CPU
		Release|Any CPU = Release|Any CPU
	EndGlobalSection
	GlobalSection(ProjectConfigurationPlatforms) = postSolution
		{FB027619-56B7-45BB-B62F-BCD1CBCB698C}.Debug|Any CPU.ActiveCfg = Debug|Any CPU
		{FB027619-56B7-45BB-B62F-BCD1CBCB698C}.Debug|Any CPU.Build.0 = Debug|Any CPU
		{FB027619-56B7-45BB-B62F-BCD1CBCB698C}.Release|Any CPU.ActiveCfg = Release|Any CPU
		{FB027619-56B7-45BB-B62F-BCD1CBCB698C}.Release|Any CPU.Build.0 = Release|Any CPU
	EndGlobalSection
	GlobalSection(SolutionProperties) = preSolution
		HideSolutionNode = FALSE
	EndGlobalSection
	GlobalSection(ExtensibilityGlobals) = postSolution
		SolutionGuid = {DEE6FC19-1984-42F7-A6BE-74C710D99B52}
	EndGlobalSection
EndGlobal
